
Microsoft Visual Studio Solution File, Format Version 12.00
# Visual Studio Version 17
VisualStudioVersion = 17.3.32825.248
MinimumVisualStudioVersion = 10.0.40219.1
Project("{2150E333-8FDC-42A3-9474-1A3956D46DE8}") = "src", "src", "{3A8132F6-CF82-4EF0-AA1B-E16DAA665BFB}"
EndProject
Project("{2150E333-8FDC-42A3-9474-1A3956D46DE8}") = "corePackages", "corePackages", "{B9017CA9-916B-410B-8063-513BB851D215}"
EndProject
Project("{9A19103F-16F7-4668-BE54-9A1E7A4F7556}") = "Core.Application", "src\corePackages\Core.Application\Core.Application.csproj", "{FC00337A-B508-4D0C-86FF-D19C02738756}"
EndProject
Project("{9A19103F-16F7-4668-BE54-9A1E7A4F7556}") = "Core.CrossCuttingConcerns", "src\corePackages\Core.CrossCuttingConcers\Core.CrossCuttingConcerns.csproj", "{229AF358-9BF4-4DA4-8A53-940CCCAABF12}"
EndProject
Project("{9A19103F-16F7-4668-BE54-9A1E7A4F7556}") = "Core.ElasticSearch", "src\corePackages\Core.ElasticSearch\Core.ElasticSearch.csproj", "{006A86D5-851C-4508-8023-308AEBA8B8D6}"
EndProject
Project("{9A19103F-16F7-4668-BE54-9A1E7A4F7556}") = "Core.Mailing", "src\corePackages\Core.Mailing\Core.Mailing.csproj", "{F2A73619-2521-460F-8E8F-D7583E71FDD6}"
EndProject
Project("{9A19103F-16F7-4668-BE54-9A1E7A4F7556}") = "Core.Persistence", "src\corePackages\Core.Persistence\Core.Persistence.csproj", "{0707B926-D7C4-4810-8374-62B71B0BB4DD}"
EndProject
Project("{9A19103F-16F7-4668-BE54-9A1E7A4F7556}") = "Core.Security", "src\corePackages\Core.Security\Core.Security.csproj", "{722FDC92-77E0-4239-AD60-ED7B1A35BA1C}"
EndProject
Project("{FAE04EC0-301F-11D3-BF4B-00C04F79EFBC}") = "Application", "src\Application\Application.csproj", "{0F290232-9238-4DFA-A8E8-E10CEB3A15BC}"
EndProject
Project("{FAE04EC0-301F-11D3-BF4B-00C04F79EFBC}") = "Domain", "src\Domain\Domain.csproj", "{F2E0A87F-8A99-4F91-A43C-9F9CC0830D1A}"
EndProject
Project("{FAE04EC0-301F-11D3-BF4B-00C04F79EFBC}") = "Persistence", "src\Persistence\Persistence.csproj", "{19C6C567-73D1-4CB6-916E-9F97FA450D0E}"
EndProject
Project("{FAE04EC0-301F-11D3-BF4B-00C04F79EFBC}") = "WebApi", "src\WebApi\WebApi.csproj", "{239D5A1D-AA3D-4D79-9822-A1C845C81AB4}"
EndProject
Global
	GlobalSection(SolutionConfigurationPlatforms) = preSolution
		Debug|Any CPU = Debug|Any CPU
		Release|Any CPU = Release|Any CPU
	EndGlobalSection
	GlobalSection(ProjectConfigurationPlatforms) = postSolution
		{FC00337A-B508-4D0C-86FF-D19C02738756}.Debug|Any CPU.ActiveCfg = Debug|Any CPU
		{FC00337A-B508-4D0C-86FF-D19C02738756}.Debug|Any CPU.Build.0 = Debug|Any CPU
		{FC00337A-B508-4D0C-86FF-D19C02738756}.Release|Any CPU.ActiveCfg = Release|Any CPU
		{FC00337A-B508-4D0C-86FF-D19C02738756}.Release|Any CPU.Build.0 = Release|Any CPU
		{229AF358-9BF4-4DA4-8A53-940CCCAABF12}.Debug|Any CPU.ActiveCfg = Debug|Any CPU
		{229AF358-9BF4-4DA4-8A53-940CCCAABF12}.Debug|Any CPU.Build.0 = Debug|Any CPU
		{229AF358-9BF4-4DA4-8A53-940CCCAABF12}.Release|Any CPU.ActiveCfg = Release|Any CPU
		{229AF358-9BF4-4DA4-8A53-940CCCAABF12}.Release|Any CPU.Build.0 = Release|Any CPU
		{006A86D5-851C-4508-8023-308AEBA8B8D6}.Debug|Any CPU.ActiveCfg = Debug|Any CPU
		{006A86D5-851C-4508-8023-308AEBA8B8D6}.Debug|Any CPU.Build.0 = Debug|Any CPU
		{006A86D5-851C-4508-8023-308AEBA8B8D6}.Release|Any CPU.ActiveCfg = Release|Any CPU
		{006A86D5-851C-4508-8023-308AEBA8B8D6}.Release|Any CPU.Build.0 = Release|Any CPU
		{F2A73619-2521-460F-8E8F-D7583E71FDD6}.Debug|Any CPU.ActiveCfg = Debug|Any CPU
		{F2A73619-2521-460F-8E8F-D7583E71FDD6}.Debug|Any CPU.Build.0 = Debug|Any CPU
		{F2A73619-2521-460F-8E8F-D7583E71FDD6}.Release|Any CPU.ActiveCfg = Release|Any CPU
		{F2A73619-2521-460F-8E8F-D7583E71FDD6}.Release|Any CPU.Build.0 = Release|Any CPU
		{0707B926-D7C4-4810-8374-62B71B0BB4DD}.Debug|Any CPU.ActiveCfg = Debug|Any CPU
		{0707B926-D7C4-4810-8374-62B71B0BB4DD}.Debug|Any CPU.Build.0 = Debug|Any CPU
		{0707B926-D7C4-4810-8374-62B71B0BB4DD}.Release|Any CPU.ActiveCfg = Release|Any CPU
		{0707B926-D7C4-4810-8374-62B71B0BB4DD}.Release|Any CPU.Build.0 = Release|Any CPU
		{722FDC92-77E0-4239-AD60-ED7B1A35BA1C}.Debug|Any CPU.ActiveCfg = Debug|Any CPU
		{722FDC92-77E0-4239-AD60-ED7B1A35BA1C}.Debug|Any CPU.Build.0 = Debug|Any CPU
		{722FDC92-77E0-4239-AD60-ED7B1A35BA1C}.Release|Any CPU.ActiveCfg = Release|Any CPU
		{722FDC92-77E0-4239-AD60-ED7B1A35BA1C}.Release|Any CPU.Build.0 = Release|Any CPU
		{0F290232-9238-4DFA-A8E8-E10CEB3A15BC}.Debug|Any CPU.ActiveCfg = Debug|Any CPU
		{0F290232-9238-4DFA-A8E8-E10CEB3A15BC}.Debug|Any CPU.Build.0 = Debug|Any CPU
		{0F290232-9238-4DFA-A8E8-E10CEB3A15BC}.Release|Any CPU.ActiveCfg = Release|Any CPU
		{0F290232-9238-4DFA-A8E8-E10CEB3A15BC}.Release|Any CPU.Build.0 = Release|Any CPU
		{F2E0A87F-8A99-4F91-A43C-9F9CC0830D1A}.Debug|Any CPU.ActiveCfg = Debug|Any CPU
		{F2E0A87F-8A99-4F91-A43C-9F9CC0830D1A}.Debug|Any CPU.Build.0 = Debug|Any CPU
		{F2E0A87F-8A99-4F91-A43C-9F9CC0830D1A}.Release|Any CPU.ActiveCfg = Release|Any CPU
		{F2E0A87F-8A99-4F91-A43C-9F9CC0830D1A}.Release|Any CPU.Build.0 = Release|Any CPU
		{19C6C567-73D1-4CB6-916E-9F97FA450D0E}.Debug|Any CPU.ActiveCfg = Debug|Any CPU
		{19C6C567-73D1-4CB6-916E-9F97FA450D0E}.Debug|Any CPU.Build.0 = Debug|Any CPU
		{19C6C567-73D1-4CB6-916E-9F97FA450D0E}.Release|Any CPU.ActiveCfg = Release|Any CPU
		{19C6C567-73D1-4CB6-916E-9F97FA450D0E}.Release|Any CPU.Build.0 = Release|Any CPU
		{239D5A1D-AA3D-4D79-9822-A1C845C81AB4}.Debug|Any CPU.ActiveCfg = Debug|Any CPU
		{239D5A1D-AA3D-4D79-9822-A1C845C81AB4}.Debug|Any CPU.Build.0 = Debug|Any CPU
		{239D5A1D-AA3D-4D79-9822-A1C845C81AB4}.Release|Any CPU.ActiveCfg = Release|Any CPU
		{239D5A1D-AA3D-4D79-9822-A1C845C81AB4}.Release|Any CPU.Build.0 = Release|Any CPU
	EndGlobalSection
	GlobalSection(SolutionProperties) = preSolution
		HideSolutionNode = FALSE
	EndGlobalSection
	GlobalSection(NestedProjects) = preSolution
		{B9017CA9-916B-410B-8063-513BB851D215} = {3A8132F6-CF82-4EF0-AA1B-E16DAA665BFB}
		{FC00337A-B508-4D0C-86FF-D19C02738756} = {B9017CA9-916B-410B-8063-513BB851D215}
		{229AF358-9BF4-4DA4-8A53-940CCCAABF12} = {B9017CA9-916B-410B-8063-513BB851D215}
		{006A86D5-851C-4508-8023-308AEBA8B8D6} = {B9017CA9-916B-410B-8063-513BB851D215}
		{F2A73619-2521-460F-8E8F-D7583E71FDD6} = {B9017CA9-916B-410B-8063-513BB851D215}
		{0707B926-D7C4-4810-8374-62B71B0BB4DD} = {B9017CA9-916B-410B-8063-513BB851D215}
		{722FDC92-77E0-4239-AD60-ED7B1A35BA1C} = {B9017CA9-916B-410B-8063-513BB851D215}
		{0F290232-9238-4DFA-A8E8-E10CEB3A15BC} = {3A8132F6-CF82-4EF0-AA1B-E16DAA665BFB}
		{F2E0A87F-8A99-4F91-A43C-9F9CC0830D1A} = {3A8132F6-CF82-4EF0-AA1B-E16DAA665BFB}
		{19C6C567-73D1-4CB6-916E-9F97FA450D0E} = {3A8132F6-CF82-4EF0-AA1B-E16DAA665BFB}
		{239D5A1D-AA3D-4D79-9822-A1C845C81AB4} = {3A8132F6-CF82-4EF0-AA1B-E16DAA665BFB}
	EndGlobalSection
	GlobalSection(ExtensibilityGlobals) = postSolution
		SolutionGuid = {C87EDA1F-34D5-4A70-B3EC-DCADE4540EAA}
	EndGlobalSection
EndGlobal
